// !$*UTF8*$!
{
	archiveVersion = 1;
	classes = {
	};
	objectVersion = 50;
	objects = {

/* Begin PBXBuildFile section */
		D820002621620FE3008BF7F7 /* AppDelegate.swift in Sources */ = {isa = PBXBuildFile; fileRef = D820002521620FE3008BF7F7 /* AppDelegate.swift */; };
		D820002821620FE3008BF7F7 /* ViewController.swift in Sources */ = {isa = PBXBuildFile; fileRef = D820002721620FE3008BF7F7 /* ViewController.swift */; };
		D820002B21620FE3008BF7F7 /* Main.storyboard in Resources */ = {isa = PBXBuildFile; fileRef = D820002921620FE3008BF7F7 /* Main.storyboard */; };
		D820002D21620FF4008BF7F7 /* Assets.xcassets in Resources */ = {isa = PBXBuildFile; fileRef = D820002C21620FF4008BF7F7 /* Assets.xcassets */; };
		D820003021620FF4008BF7F7 /* LaunchScreen.storyboard in Resources */ = {isa = PBXBuildFile; fileRef = D820002E21620FF4008BF7F7 /* LaunchScreen.storyboard */; };
		D87BF1F8216262D800AEAD56 /* CalcEngine.swift in Sources */ = {isa = PBXBuildFile; fileRef = D87BF1F7216262D800AEAD56 /* CalcEngine.swift */; };
/* End PBXBuildFile section */

/* Begin PBXFileReference section */
		D820002221620FE3008BF7F7 /* Opdracht3_rpn.app */ = {isa = PBXFileReference; explicitFileType = wrapper.application; includeInIndex = 0; path = Opdracht3_rpn.app; sourceTree = BUILT_PRODUCTS_DIR; };
		D820002521620FE3008BF7F7 /* AppDelegate.swift */ = {isa = PBXFileReference; lastKnownFileType = sourcecode.swift; path = AppDelegate.swift; sourceTree = "<group>"; };
		D820002721620FE3008BF7F7 /* ViewController.swift */ = {isa = PBXFileReference; lastKnownFileType = sourcecode.swift; path = ViewController.swift; sourceTree = "<group>"; };
		D820002A21620FE3008BF7F7 /* Base */ = {isa = PBXFileReference; lastKnownFileType = file.storyboard; name = Base; path = Base.lproj/Main.storyboard; sourceTree = "<group>"; };
		D820002C21620FF4008BF7F7 /* Assets.xcassets */ = {isa = PBXFileReference; lastKnownFileType = folder.assetcatalog; path = Assets.xcassets; sourceTree = "<group>"; };
		D820002F21620FF4008BF7F7 /* Base */ = {isa = PBXFileReference; lastKnownFileType = file.storyboard; name = Base; path = Base.lproj/LaunchScreen.storyboard; sourceTree = "<group>"; };
		D820003121620FF4008BF7F7 /* Info.plist */ = {isa = PBXFileReference; lastKnownFileType = text.plist.xml; path = Info.plist; sourceTree = "<group>"; };
		D87BF1F7216262D800AEAD56 /* CalcEngine.swift */ = {isa = PBXFileReference; lastKnownFileType = sourcecode.swift; path = CalcEngine.swift; sourceTree = "<group>"; };
/* End PBXFileReference section */

/* Begin PBXFrameworksBuildPhase section */
		D820001F21620FE2008BF7F7 /* Frameworks */ = {
			isa = PBXFrameworksBuildPhase;
			buildActionMask = 2147483647;
			files = (
			);
			runOnlyForDeploymentPostprocessing = 0;
		};
/* End PBXFrameworksBuildPhase section */

/* Begin PBXGroup section */
		D820001921620FE2008BF7F7 = {
			isa = PBXGroup;
			children = (
				D820002421620FE3008BF7F7 /* Opdracht3_rpn */,
				D820002321620FE3008BF7F7 /* Products */,
			);
			sourceTree = "<group>";
		};
		D820002321620FE3008BF7F7 /* Products */ = {
			isa = PBXGroup;
			children = (
				D820002221620FE3008BF7F7 /* Opdracht3_rpn.app */,
			);
			name = Products;
			sourceTree = "<group>";
		};
		D820002421620FE3008BF7F7 /* Opdracht3_rpn */ = {
			isa = PBXGroup;
			children = (
				D820002521620FE3008BF7F7 /* AppDelegate.swift */,
				D820002721620FE3008BF7F7 /* ViewController.swift */,
				D820002921620FE3008BF7F7 /* Main.storyboard */,
				D820002C21620FF4008BF7F7 /* Assets.xcassets */,
				D820002E21620FF4008BF7F7 /* LaunchScreen.storyboard */,
				D820003121620FF4008BF7F7 /* Info.plist */,
				D87BF1F7216262D800AEAD56 /* CalcEngine.swift */,
			);
			path = Opdracht3_rpn;
			sourceTree = "<group>";
		};
/* End PBXGroup section */

/* Begin PBXNativeTarget section */
		D820002121620FE2008BF7F7 /* Opdracht3_rpn */ = {
			isa = PBXNativeTarget;
			buildConfigurationList = D820003421620FF4008BF7F7 /* Build configuration list for PBXNativeTarget "Opdracht3_rpn" */;
			buildPhases = (
				D820001E21620FE2008BF7F7 /* Sources */,
				D820001F21620FE2008BF7F7 /* Frameworks */,
				D820002021620FE2008BF7F7 /* Resources */,
			);
			buildRules = (
			);
			dependencies = (
			);
			name = Opdracht3_rpn;
			productName = Opdracht3_rpn;
			productReference = D820002221620FE3008BF7F7 /* Opdracht3_rpn.app */;
			productType = "com.apple.product-type.application";
		};
/* End PBXNativeTarget section */

/* Begin PBXProject section */
		D820001A21620FE2008BF7F7 /* Project object */ = {
			isa = PBXProject;
			attributes = {
				LastSwiftUpdateCheck = 1000;
				LastUpgradeCheck = 1000;
				ORGANIZATIONNAME = margotvandenberghe;
				TargetAttributes = {
					D820002121620FE2008BF7F7 = {
						CreatedOnToolsVersion = 10.0;
					};
				};
			};
			buildConfigurationList = D820001D21620FE2008BF7F7 /* Build configuration list for PBXProject "Opdracht3_rpn" */;
			compatibilityVersion = "Xcode 9.3";
			developmentRegion = en;
			hasScannedForEncodings = 0;
			knownRegions = (
				en,
				Base,
			);
			mainGroup = D820001921620FE2008BF7F7;
			productRefGroup = D820002321620FE3008BF7F7 /* Products */;
			projectDirPath = "";
			projectRoot = "";
			targets = (
				D820002121620FE2008BF7F7 /* Opdracht3_rpn */,
			);
		};
/* End PBXProject section */

/* Begin PBXResourcesBuildPhase section */
		D820002021620FE2008BF7F7 /* Resources */ = {
			isa = PBXResourcesBuildPhase;
			buildActionMask = 2147483647;
			files = (
				D820003021620FF4008BF7F7 /* LaunchScreen.storyboard in Resources */,
				D820002D21620FF4008BF7F7 /* Assets.xcassets in Resources */,
				D820002B21620FE3008BF7F7 /* Main.storyboard in Resources */,
			);
			runOnlyForDeploymentPostprocessing = 0;
		};
/* End PBXResourcesBuildPhase section */

/* Begin PBXSourcesBuildPhase section */
		D820001E21620FE2008BF7F7 /* Sources */ = {
			isa = PBXSourcesBuildPhase;
			buildActionMask = 2147483647;
			files = (
				D820002821620FE3008BF7F7 /* ViewController.swift in Sources */,
				D87BF1F8216262D800AEAD56 /* CalcEngine.swift in Sources */,
				D820002621620FE3008BF7F7 /* AppDelegate.swift in Sources */,
			);
			runOnlyForDeploymentPostprocessing = 0;
		};
/* End PBXSourcesBuildPhase section */

/* Begin PBXVariantGroup section */
		D820002921620FE3008BF7F7 /* Main.storyboard */ = {
			isa = PBXVariantGroup;
			children = (
				D820002A21620FE3008BF7F7 /* Base */,
			);
			name = Main.storyboard;
			sourceTree = "<group>";
		};
		D820002E21620FF4008BF7F7 /* LaunchScreen.storyboard */ = {
			isa = PBXVariantGroup;
			children = (
				D820002F21620FF4008BF7F7 /* Base */,
			);
			name = LaunchScreen.storyboard;
			sourceTree = "<group>";
		};
/* End PBXVariantGroup section */

/* Begin XCBuildConfiguration section */
		D820003221620FF4008BF7F7 /* Debug */ = {
			isa = XCBuildConfiguration;
			buildSettings = {
				ALWAYS_SEARCH_USER_PATHS = NO;
				CLANG_ANALYZER_NONNULL = YES;
				CLANG_ANALYZER_NUMBER_OBJECT_CONVERSION = YES_AGGRESSIVE;
				CLANG_CXX_LANGUAGE_STANDARD = "gnu++14";
				CLANG_CXX_LIBRARY = "libc++";
				CLANG_ENABLE_MODULES = YES;
				CLANG_ENABLE_OBJC_ARC = YES;
				CLANG_ENABLE_OBJC_WEAK = YES;
				CLANG_WARN_BLOCK_CAPTURE_AUTORELEASING = YES;
				CLANG_WARN_BOOL_CONVERSION = YES;
				CLANG_WARN_COMMA = YES;
				CLANG_WARN_CONSTANT_CONVERSION = YES;
				CLANG_WARN_DEPRECATED_OBJC_IMPLEMENTATIONS = YES;
				CLANG_WARN_DIRECT_OBJC_ISA_USAGE = YES_ERROR;
				CLANG_WARN_DOCUMENTATION_COMMENTS = YES;
				CLANG_WARN_EMPTY_BODY = YES;
				CLANG_WARN_ENUM_CONVERSION = YES;
				CLANG_WARN_INFINITE_RECURSION = YES;
				CLANG_WARN_INT_CONVERSION = YES;
				CLANG_WARN_NON_LITERAL_NULL_CONVERSION = YES;
				CLANG_WARN_OBJC_IMPLICIT_RETAIN_SELF = YES;
				CLANG_WARN_OBJC_LITERAL_CONVERSION = YES;
				CLANG_WARN_OBJC_ROOT_CLASS = YES_ERROR;
				CLANG_WARN_RANGE_LOOP_ANALYSIS = YES;
				CLANG_WARN_STRICT_PROTOTYPES = YES;
				CLANG_WARN_SUSPICIOUS_MOVE = YES;
				CLANG_WARN_UNGUARDED_AVAILABILITY = YES_AGGRESSIVE;
				CLANG_WARN_UNREACHABLE_CODE = YES;
				CLANG_WARN__DUPLICATE_METHOD_MATCH = YES;
				CODE_SIGN_IDENTITY = "iPhone Developer";
				COPY_PHASE_STRIP = NO;
				DEBUG_INFORMATION_FORMAT = dwarf;
				ENABLE_STRICT_OBJC_MSGSEND = YES;
				ENABLE_TESTABILITY = YES;
				GCC_C_LANGUAGE_STANDARD = gnu11;
				GCC_DYNAMIC_NO_PIC = NO;
				GCC_NO_COMMON_BLOCKS = YES;
				GCC_OPTIMIZATION_LEVEL = 0;
				GCC_PREPROCESSOR_DEFINITIONS = (
					"DEBUG=1",
					"$(inherited)",
				);
				GCC_WARN_64_TO_32_BIT_CONVERSION = YES;
				GCC_WARN_ABOUT_RETURN_TYPE = YES_ERROR;
				GCC_WARN_UNDECLARED_SELECTOR = YES;
				GCC_WARN_UNINITIALIZED_AUTOS = YES_AGGRESSIVE;
				GCC_WARN_UNUSED_FUNCTION = YES;
				GCC_WARN_UNUSED_VARIABLE = YES;
				IPHONEOS_DEPLOYMENT_TARGET = 12.0;
				MTL_ENABLE_DEBUG_INFO = INCLUDE_SOURCE;
				MTL_FAST_MATH = YES;
				ONLY_ACTIVE_ARCH = YES;
				SDKROOT = iphoneos;
				SWIFT_ACTIVE_COMPILATION_CONDITIONS = DEBUG;
				SWIFT_OPTIMIZATION_LEVEL = "-Onone";
			};
			name = Debug;
		};
		D820003321620FF4008BF7F7 /* Release */ = {
			isa = XCBuildConfiguration;
			buildSettings = {
				ALWAYS_SEARCH_USER_PATHS = NO;
				CLANG_ANALYZER_NONNULL = YES;
				CLANG_ANALYZER_NUMBER_OBJECT_CONVERSION = YES_AGGRESSIVE;
				CLANG_CXX_LANGUAGE_STANDARD = "gnu++14";
				CLANG_CXX_LIBRARY = "libc++";
				CLANG_ENABLE_MODULES = YES;
				CLANG_ENABLE_OBJC_ARC = YES;
				CLANG_ENABLE_OBJC_WEAK = YES;
				CLANG_WARN_BLOCK_CAPTURE_AUTORELEASING = YES;
				CLANG_WARN_BOOL_CONVERSION = YES;
				CLANG_WARN_COMMA = YES;
				CLANG_WARN_CONSTANT_CONVERSION = YES;
				CLANG_WARN_DEPRECATED_OBJC_IMPLEMENTATIONS = YES;
				CLANG_WARN_DIRECT_OBJC_ISA_USAGE = YES_ERROR;
				CLANG_WARN_DOCUMENTATION_COMMENTS = YES;
				CLANG_WARN_EMPTY_BODY = YES;
				CLANG_WARN_ENUM_CONVERSION = YES;
				CLANG_WARN_INFINITE_RECURSION = YES;
				CLANG_WARN_INT_CONVERSION = YES;
				CLANG_WARN_NON_LITERAL_NULL_CONVERSION = YES;
				CLANG_WARN_OBJC_IMPLICIT_RETAIN_SELF = YES;
				CLANG_WARN_OBJC_LITERAL_CONVERSION = YES;
				CLANG_WARN_OBJC_ROOT_CLASS = YES_ERROR;
				CLANG_WARN_RANGE_LOOP_ANALYSIS = YES;
				CLANG_WARN_STRICT_PROTOTYPES = YES;
				CLANG_WARN_SUSPICIOUS_MOVE = YES;
				CLANG_WARN_UNGUARDED_AVAILABILITY = YES_AGGRESSIVE;
				CLANG_WARN_UNREACHABLE_CODE = YES;
				CLANG_WARN__DUPLICATE_METHOD_MATCH = YES;
				CODE_SIGN_IDENTITY = "iPhone Developer";
				COPY_PHASE_STRIP = NO;
				DEBUG_INFORMATION_FORMAT = "dwarf-with-dsym";
				ENABLE_NS_ASSERTIONS = NO;
				ENABLE_STRICT_OBJC_MSGSEND = YES;
				GCC_C_LANGUAGE_STANDARD = gnu11;
				GCC_NO_COMMON_BLOCKS = YES;
				GCC_WARN_64_TO_32_BIT_CONVERSION = YES;
				GCC_WARN_ABOUT_RETURN_TYPE = YES_ERROR;
				GCC_WARN_UNDECLARED_SELECTOR = YES;
				GCC_WARN_UNINITIALIZED_AUTOS = YES_AGGRESSIVE;
				GCC_WARN_UNUSED_FUNCTION = YES;
				GCC_WARN_UNUSED_VARIABLE = YES;
				IPHONEOS_DEPLOYMENT_TARGET = 12.0;
				MTL_ENABLE_DEBUG_INFO = NO;
				MTL_FAST_MATH = YES;
				SDKROOT = iphoneos;
				SWIFT_COMPILATION_MODE = wholemodule;
				SWIFT_OPTIMIZATION_LEVEL = "-O";
				VALIDATE_PRODUCT = YES;
			};
			name = Release;
		};
		D820003521620FF4008BF7F7 /* Debug */ = {
			isa = XCBuildConfiguration;
			buildSettings = {
				ASSETCATALOG_COMPILER_APPICON_NAME = AppIcon;
				CODE_SIGN_IDENTITY = "iPhone Developer";
				CODE_SIGN_STYLE = Automatic;
				DEVELOPMENT_TEAM = 4ZKAVX4QF4;
				INFOPLIST_FILE = Opdracht3_rpn/Info.plist;
				IPHONEOS_DEPLOYMENT_TARGET = 9.3;
				LD_RUNPATH_SEARCH_PATHS = (
					"$(inherited)",
					"@executable_path/Frameworks",
				);
				PRODUCT_BUNDLE_IDENTIFIER = "margotvandenberghe.Opdracht3-rpn";
				PRODUCT_NAME = "$(TARGET_NAME)";
				PROVISIONING_PROFILE_SPECIFIER = "";
				SWIFT_VERSION = 4.2;
				TARGETED_DEVICE_FAMILY = "1,2";
			};
			name = Debug;
		};
		D820003621620FF4008BF7F7 /* Release */ = {
			isa = XCBuildConfiguration;
			buildSettings = {
				ASSETCATALOG_COMPILER_APPICON_NAME = AppIcon;
				CODE_SIGN_IDENTITY = "iPhone Developer";
				CODE_SIGN_STYLE = Automatic;
				DEVELOPMENT_TEAM = 4ZKAVX4QF4;
				INFOPLIST_FILE = Opdracht3_rpn/Info.plist;
				IPHONEOS_DEPLOYMENT_TARGET = 9.3;
				LD_RUNPATH_SEARCH_PATHS = (
					"$(inherited)",
					"@executable_path/Frameworks",
				);
				PRODUCT_BUNDLE_IDENTIFIER = "margotvandenberghe.Opdracht3-rpn";
				PRODUCT_NAME = "$(TARGET_NAME)";
				PROVISIONING_PROFILE_SPECIFIER = "";
				SWIFT_VERSION = 4.2;
				TARGETED_DEVICE_FAMILY = "1,2";
			};
			name = Release;
		};
/* End XCBuildConfiguration section */

/* Begin XCConfigurationList section */
		D820001D21620FE2008BF7F7 /* Build configuration list for PBXProject "Opdracht3_rpn" */ = {
			isa = XCConfigurationList;
			buildConfigurations = (
				D820003221620FF4008BF7F7 /* Debug */,
				D820003321620FF4008BF7F7 /* Release */,
			);
			defaultConfigurationIsVisible = 0;
			defaultConfigurationName = Release;
		};
		D820003421620FF4008BF7F7 /* Build configuration list for PBXNativeTarget "Opdracht3_rpn" */ = {
			isa = XCConfigurationList;
			buildConfigurations = (
				D820003521620FF4008BF7F7 /* Debug */,
				D820003621620FF4008BF7F7 /* Release */,
			);
			defaultConfigurationIsVisible = 0;
			defaultConfigurationName = Release;
		};
/* End XCConfigurationList section */
	};
	rootObject = D820001A21620FE2008BF7F7 /* Project object */;
}
